// !$*UTF8*$!
{
	archiveVersion = 1;
	classes = {
	};
	objectVersion = 46;
	objects = {

/* Begin PBXBuildFile section */
		03EA644A1D0C41E500C550BB /* Tutu_testTests.swift in Sources */ = {isa = PBXBuildFile; fileRef = 03EA64491D0C41E500C550BB /* Tutu_testTests.swift */; };
		03EA64511D0C435900C550BB /* City.swift in Sources */ = {isa = PBXBuildFile; fileRef = 03F2D6B21D0C1CAE00091FCC /* City.swift */; };
		03EA64521D0C435D00C550BB /* Station.swift in Sources */ = {isa = PBXBuildFile; fileRef = 03F2D6B31D0C1CAE00091FCC /* Station.swift */; };
		03F2D6BE1D0C1CAE00091FCC /* AppDelegate.swift in Sources */ = {isa = PBXBuildFile; fileRef = 03F2D6AE1D0C1CAE00091FCC /* AppDelegate.swift */; };
		03F2D6BF1D0C1CAE00091FCC /* DataManager.swift in Sources */ = {isa = PBXBuildFile; fileRef = 03F2D6B01D0C1CAE00091FCC /* DataManager.swift */; };
		03F2D6C01D0C1CAE00091FCC /* City.swift in Sources */ = {isa = PBXBuildFile; fileRef = 03F2D6B21D0C1CAE00091FCC /* City.swift */; };
		03F2D6C11D0C1CAE00091FCC /* Station.swift in Sources */ = {isa = PBXBuildFile; fileRef = 03F2D6B31D0C1CAE00091FCC /* Station.swift */; };
		03F2D6C21D0C1CAE00091FCC /* allStations.json in Resources */ = {isa = PBXBuildFile; fileRef = 03F2D6B51D0C1CAE00091FCC /* allStations.json */; };
		03F2D6C31D0C1CAE00091FCC /* Assets.xcassets in Resources */ = {isa = PBXBuildFile; fileRef = 03F2D6B61D0C1CAE00091FCC /* Assets.xcassets */; };
		03F2D6C41D0C1CAE00091FCC /* LaunchScreen.storyboard in Resources */ = {isa = PBXBuildFile; fileRef = 03F2D6B71D0C1CAE00091FCC /* LaunchScreen.storyboard */; };
		03F2D6C51D0C1CAE00091FCC /* Main.storyboard in Resources */ = {isa = PBXBuildFile; fileRef = 03F2D6B91D0C1CAE00091FCC /* Main.storyboard */; };
		03F2D6C61D0C1CAE00091FCC /* StationViewController.swift in Sources */ = {isa = PBXBuildFile; fileRef = 03F2D6BC1D0C1CAE00091FCC /* StationViewController.swift */; };
		03F2D6C71D0C1CAE00091FCC /* MainViewController.swift in Sources */ = {isa = PBXBuildFile; fileRef = 03F2D6BD1D0C1CAE00091FCC /* MainViewController.swift */; };
/* End PBXBuildFile section */

/* Begin PBXContainerItemProxy section */
		03EA644C1D0C41E500C550BB /* PBXContainerItemProxy */ = {
			isa = PBXContainerItemProxy;
			containerPortal = 035946D21D0721D900F25C9F /* Project object */;
			proxyType = 1;
			remoteGlobalIDString = 035946D91D0721D900F25C9F;
			remoteInfo = "Tutu-test";
		};
/* End PBXContainerItemProxy section */

/* Begin PBXFileReference section */
		035946DA1D0721D900F25C9F /* Tutu-test.app */ = {isa = PBXFileReference; explicitFileType = wrapper.application; includeInIndex = 0; path = "Tutu-test.app"; sourceTree = BUILT_PRODUCTS_DIR; };
		035946E91D0721D900F25C9F /* Info.plist */ = {isa = PBXFileReference; lastKnownFileType = text.plist.xml; path = Info.plist; sourceTree = "<group>"; };
		038126CB1D0D82A300D0B2FA /* ru */ = {isa = PBXFileReference; lastKnownFileType = text.plist.strings; name = ru; path = ru.lproj/LaunchScreen.strings; sourceTree = "<group>"; };
		038126CC1D0D82A300D0B2FA /* ru */ = {isa = PBXFileReference; lastKnownFileType = text.plist.strings; name = ru; path = ru.lproj/Main.strings; sourceTree = "<group>"; };
		03EA64471D0C41E400C550BB /* Tutu-testTests.xctest */ = {isa = PBXFileReference; explicitFileType = wrapper.cfbundle; includeInIndex = 0; path = "Tutu-testTests.xctest"; sourceTree = BUILT_PRODUCTS_DIR; };
		03EA64491D0C41E500C550BB /* Tutu_testTests.swift */ = {isa = PBXFileReference; lastKnownFileType = sourcecode.swift; path = Tutu_testTests.swift; sourceTree = "<group>"; };
		03EA644B1D0C41E500C550BB /* Info.plist */ = {isa = PBXFileReference; lastKnownFileType = text.plist.xml; path = Info.plist; sourceTree = "<group>"; };
		03F2D6AE1D0C1CAE00091FCC /* AppDelegate.swift */ = {isa = PBXFileReference; fileEncoding = 4; lastKnownFileType = sourcecode.swift; path = AppDelegate.swift; sourceTree = "<group>"; };
		03F2D6B01D0C1CAE00091FCC /* DataManager.swift */ = {isa = PBXFileReference; fileEncoding = 4; lastKnownFileType = sourcecode.swift; path = DataManager.swift; sourceTree = "<group>"; };
		03F2D6B21D0C1CAE00091FCC /* City.swift */ = {isa = PBXFileReference; fileEncoding = 4; lastKnownFileType = sourcecode.swift; path = City.swift; sourceTree = "<group>"; };
		03F2D6B31D0C1CAE00091FCC /* Station.swift */ = {isa = PBXFileReference; fileEncoding = 4; lastKnownFileType = sourcecode.swift; path = Station.swift; sourceTree = "<group>"; };
		03F2D6B51D0C1CAE00091FCC /* allStations.json */ = {isa = PBXFileReference; fileEncoding = 4; lastKnownFileType = text.json; path = allStations.json; sourceTree = "<group>"; };
		03F2D6B61D0C1CAE00091FCC /* Assets.xcassets */ = {isa = PBXFileReference; lastKnownFileType = folder.assetcatalog; path = Assets.xcassets; sourceTree = "<group>"; };
		03F2D6B81D0C1CAE00091FCC /* Base */ = {isa = PBXFileReference; lastKnownFileType = file.storyboard; name = Base; path = Base.lproj/LaunchScreen.storyboard; sourceTree = "<group>"; };
		03F2D6BA1D0C1CAE00091FCC /* Base */ = {isa = PBXFileReference; lastKnownFileType = file.storyboard; name = Base; path = Base.lproj/Main.storyboard; sourceTree = "<group>"; };
		03F2D6BC1D0C1CAE00091FCC /* StationViewController.swift */ = {isa = PBXFileReference; fileEncoding = 4; lastKnownFileType = sourcecode.swift; path = StationViewController.swift; sourceTree = "<group>"; };
		03F2D6BD1D0C1CAE00091FCC /* MainViewController.swift */ = {isa = PBXFileReference; fileEncoding = 4; lastKnownFileType = sourcecode.swift; path = MainViewController.swift; sourceTree = "<group>"; };
/* End PBXFileReference section */

/* Begin PBXFrameworksBuildPhase section */
		035946D71D0721D900F25C9F /* Frameworks */ = {
			isa = PBXFrameworksBuildPhase;
			buildActionMask = 2147483647;
			files = (
			);
			runOnlyForDeploymentPostprocessing = 0;
		};
		03EA64441D0C41E400C550BB /* Frameworks */ = {
			isa = PBXFrameworksBuildPhase;
			buildActionMask = 2147483647;
			files = (
			);
			runOnlyForDeploymentPostprocessing = 0;
		};
/* End PBXFrameworksBuildPhase section */

/* Begin PBXGroup section */
		035946D11D0721D900F25C9F = {
			isa = PBXGroup;
			children = (
				035946DC1D0721D900F25C9F /* Tutu-test */,
				03EA64481D0C41E500C550BB /* Tutu-testTests */,
				035946DB1D0721D900F25C9F /* Products */,
			);
			sourceTree = "<group>";
		};
		035946DB1D0721D900F25C9F /* Products */ = {
			isa = PBXGroup;
			children = (
				035946DA1D0721D900F25C9F /* Tutu-test.app */,
				03EA64471D0C41E400C550BB /* Tutu-testTests.xctest */,
			);
			name = Products;
			sourceTree = "<group>";
		};
		035946DC1D0721D900F25C9F /* Tutu-test */ = {
			isa = PBXGroup;
			children = (
				03F2D6AD1D0C1CAE00091FCC /* App */,
				03F2D6AF1D0C1CAE00091FCC /* Managers */,
				03F2D6B11D0C1CAE00091FCC /* Model */,
				03F2D6BB1D0C1CAE00091FCC /* UI */,
				03F2D6B41D0C1CAE00091FCC /* Resources */,
				035946EF1D07226C00F25C9F /* Supporting files */,
			);
			path = "Tutu-test";
			sourceTree = "<group>";
		};
		035946EF1D07226C00F25C9F /* Supporting files */ = {
			isa = PBXGroup;
			children = (
				035946E91D0721D900F25C9F /* Info.plist */,
			);
			name = "Supporting files";
			sourceTree = "<group>";
		};
		03EA64481D0C41E500C550BB /* Tutu-testTests */ = {
			isa = PBXGroup;
			children = (
				03EA64491D0C41E500C550BB /* Tutu_testTests.swift */,
				03EA644B1D0C41E500C550BB /* Info.plist */,
			);
			path = "Tutu-testTests";
			sourceTree = "<group>";
		};
		03F2D6AD1D0C1CAE00091FCC /* App */ = {
			isa = PBXGroup;
			children = (
				03F2D6AE1D0C1CAE00091FCC /* AppDelegate.swift */,
			);
			path = App;
			sourceTree = "<group>";
		};
		03F2D6AF1D0C1CAE00091FCC /* Managers */ = {
			isa = PBXGroup;
			children = (
				03F2D6B01D0C1CAE00091FCC /* DataManager.swift */,
			);
			path = Managers;
			sourceTree = "<group>";
		};
		03F2D6B11D0C1CAE00091FCC /* Model */ = {
			isa = PBXGroup;
			children = (
				03F2D6B21D0C1CAE00091FCC /* City.swift */,
				03F2D6B31D0C1CAE00091FCC /* Station.swift */,
			);
			path = Model;
			sourceTree = "<group>";
		};
		03F2D6B41D0C1CAE00091FCC /* Resources */ = {
			isa = PBXGroup;
			children = (
				03F2D6B51D0C1CAE00091FCC /* allStations.json */,
				03F2D6B61D0C1CAE00091FCC /* Assets.xcassets */,
				03F2D6B71D0C1CAE00091FCC /* LaunchScreen.storyboard */,
				03F2D6B91D0C1CAE00091FCC /* Main.storyboard */,
			);
			path = Resources;
			sourceTree = "<group>";
		};
		03F2D6BB1D0C1CAE00091FCC /* UI */ = {
			isa = PBXGroup;
			children = (
				03F2D6BC1D0C1CAE00091FCC /* StationViewController.swift */,
				03F2D6BD1D0C1CAE00091FCC /* MainViewController.swift */,
			);
			path = UI;
			sourceTree = "<group>";
		};
/* End PBXGroup section */

/* Begin PBXNativeTarget section */
		035946D91D0721D900F25C9F /* Tutu-test */ = {
			isa = PBXNativeTarget;
			buildConfigurationList = 035946EC1D0721D900F25C9F /* Build configuration list for PBXNativeTarget "Tutu-test" */;
			buildPhases = (
				035946D61D0721D900F25C9F /* Sources */,
				035946D71D0721D900F25C9F /* Frameworks */,
				035946D81D0721D900F25C9F /* Resources */,
			);
			buildRules = (
			);
			dependencies = (
			);
			name = "Tutu-test";
			productName = "Tutu-test";
			productReference = 035946DA1D0721D900F25C9F /* Tutu-test.app */;
			productType = "com.apple.product-type.application";
		};
		03EA64461D0C41E400C550BB /* Tutu-testTests */ = {
			isa = PBXNativeTarget;
			buildConfigurationList = 03EA644E1D0C41E500C550BB /* Build configuration list for PBXNativeTarget "Tutu-testTests" */;
			buildPhases = (
				03EA64431D0C41E400C550BB /* Sources */,
				03EA64441D0C41E400C550BB /* Frameworks */,
				03EA64451D0C41E400C550BB /* Resources */,
			);
			buildRules = (
			);
			dependencies = (
				03EA644D1D0C41E500C550BB /* PBXTargetDependency */,
			);
			name = "Tutu-testTests";
			productName = "Tutu-testTests";
			productReference = 03EA64471D0C41E400C550BB /* Tutu-testTests.xctest */;
			productType = "com.apple.product-type.bundle.unit-test";
		};
/* End PBXNativeTarget section */

/* Begin PBXProject section */
		035946D21D0721D900F25C9F /* Project object */ = {
			isa = PBXProject;
			attributes = {
				LastSwiftUpdateCheck = 0730;
				LastUpgradeCheck = 0730;
				ORGANIZATIONNAME = "Andrey Oshev";
				TargetAttributes = {
					035946D91D0721D900F25C9F = {
						CreatedOnToolsVersion = 7.3.1;
						DevelopmentTeam = CSW2W3NYQY;
					};
					03EA64461D0C41E400C550BB = {
						CreatedOnToolsVersion = 7.3.1;
						DevelopmentTeam = CSW2W3NYQY;
						TestTargetID = 035946D91D0721D900F25C9F;
					};
				};
			};
			buildConfigurationList = 035946D51D0721D900F25C9F /* Build configuration list for PBXProject "Tutu-test" */;
			compatibilityVersion = "Xcode 3.2";
			developmentRegion = English;
			hasScannedForEncodings = 0;
			knownRegions = (
				en,
				Base,
			);
			mainGroup = 035946D11D0721D900F25C9F;
			productRefGroup = 035946DB1D0721D900F25C9F /* Products */;
			projectDirPath = "";
			projectRoot = "";
			targets = (
				035946D91D0721D900F25C9F /* Tutu-test */,
				03EA64461D0C41E400C550BB /* Tutu-testTests */,
			);
		};
/* End PBXProject section */

/* Begin PBXResourcesBuildPhase section */
		035946D81D0721D900F25C9F /* Resources */ = {
			isa = PBXResourcesBuildPhase;
			buildActionMask = 2147483647;
			files = (
				03F2D6C41D0C1CAE00091FCC /* LaunchScreen.storyboard in Resources */,
				03F2D6C31D0C1CAE00091FCC /* Assets.xcassets in Resources */,
				03F2D6C21D0C1CAE00091FCC /* allStations.json in Resources */,
				03F2D6C51D0C1CAE00091FCC /* Main.storyboard in Resources */,
			);
			runOnlyForDeploymentPostprocessing = 0;
		};
		03EA64451D0C41E400C550BB /* Resources */ = {
			isa = PBXResourcesBuildPhase;
			buildActionMask = 2147483647;
			files = (
			);
			runOnlyForDeploymentPostprocessing = 0;
		};
/* End PBXResourcesBuildPhase section */

/* Begin PBXSourcesBuildPhase section */
		035946D61D0721D900F25C9F /* Sources */ = {
			isa = PBXSourcesBuildPhase;
			buildActionMask = 2147483647;
			files = (
				03F2D6C71D0C1CAE00091FCC /* MainViewController.swift in Sources */,
				03F2D6BF1D0C1CAE00091FCC /* DataManager.swift in Sources */,
				03F2D6BE1D0C1CAE00091FCC /* AppDelegate.swift in Sources */,
				03F2D6C11D0C1CAE00091FCC /* Station.swift in Sources */,
				03F2D6C01D0C1CAE00091FCC /* City.swift in Sources */,
				03F2D6C61D0C1CAE00091FCC /* StationViewController.swift in Sources */,
			);
			runOnlyForDeploymentPostprocessing = 0;
		};
		03EA64431D0C41E400C550BB /* Sources */ = {
			isa = PBXSourcesBuildPhase;
			buildActionMask = 2147483647;
			files = (
				03EA64511D0C435900C550BB /* City.swift in Sources */,
				03EA64521D0C435D00C550BB /* Station.swift in Sources */,
				03EA644A1D0C41E500C550BB /* Tutu_testTests.swift in Sources */,
			);
			runOnlyForDeploymentPostprocessing = 0;
		};
/* End PBXSourcesBuildPhase section */

/* Begin PBXTargetDependency section */
		03EA644D1D0C41E500C550BB /* PBXTargetDependency */ = {
			isa = PBXTargetDependency;
			target = 035946D91D0721D900F25C9F /* Tutu-test */;
			targetProxy = 03EA644C1D0C41E500C550BB /* PBXContainerItemProxy */;
		};
/* End PBXTargetDependency section */

/* Begin PBXVariantGroup section */
		03F2D6B71D0C1CAE00091FCC /* LaunchScreen.storyboard */ = {
			isa = PBXVariantGroup;
			children = (
				03F2D6B81D0C1CAE00091FCC /* Base */,
				038126CB1D0D82A300D0B2FA /* ru */,
			);
			name = LaunchScreen.storyboard;
			sourceTree = "<group>";
		};
		03F2D6B91D0C1CAE00091FCC /* Main.storyboard */ = {
			isa = PBXVariantGroup;
			children = (
				03F2D6BA1D0C1CAE00091FCC /* Base */,
				038126CC1D0D82A300D0B2FA /* ru */,
			);
			name = Main.storyboard;
			sourceTree = "<group>";
		};
/* End PBXVariantGroup section */

/* Begin XCBuildConfiguration section */
		035946EA1D0721D900F25C9F /* Debug */ = {
			isa = XCBuildConfiguration;
			buildSettings = {
				ALWAYS_SEARCH_USER_PATHS = NO;
				CLANG_ANALYZER_NONNULL = YES;
				CLANG_CXX_LANGUAGE_STANDARD = "gnu++0x";
				CLANG_CXX_LIBRARY = "libc++";
				CLANG_ENABLE_MODULES = YES;
				CLANG_ENABLE_OBJC_ARC = YES;
				CLANG_WARN_BOOL_CONVERSION = YES;
				CLANG_WARN_CONSTANT_CONVERSION = YES;
				CLANG_WARN_DIRECT_OBJC_ISA_USAGE = YES_ERROR;
				CLANG_WARN_EMPTY_BODY = YES;
				CLANG_WARN_ENUM_CONVERSION = YES;
				CLANG_WARN_INT_CONVERSION = YES;
				CLANG_WARN_OBJC_ROOT_CLASS = YES_ERROR;
				CLANG_WARN_UNREACHABLE_CODE = YES;
				CLANG_WARN__DUPLICATE_METHOD_MATCH = YES;
				"CODE_SIGN_IDENTITY[sdk=iphoneos*]" = "iPhone Developer";
				COPY_PHASE_STRIP = NO;
				DEBUG_INFORMATION_FORMAT = dwarf;
				ENABLE_STRICT_OBJC_MSGSEND = YES;
				ENABLE_TESTABILITY = YES;
				GCC_C_LANGUAGE_STANDARD = gnu99;
				GCC_DYNAMIC_NO_PIC = NO;
				GCC_NO_COMMON_BLOCKS = YES;
				GCC_OPTIMIZATION_LEVEL = 0;
				GCC_PREPROCESSOR_DEFINITIONS = (
					"DEBUG=1",
					"$(inherited)",
				);
				GCC_WARN_64_TO_32_BIT_CONVERSION = YES;
				GCC_WARN_ABOUT_RETURN_TYPE = YES_ERROR;
				GCC_WARN_UNDECLARED_SELECTOR = YES;
				GCC_WARN_UNINITIALIZED_AUTOS = YES_AGGRESSIVE;
				GCC_WARN_UNUSED_FUNCTION = YES;
				GCC_WARN_UNUSED_VARIABLE = YES;
				IPHONEOS_DEPLOYMENT_TARGET = 9.3;
				MTL_ENABLE_DEBUG_INFO = YES;
				ONLY_ACTIVE_ARCH = YES;
				SDKROOT = iphoneos;
				SWIFT_OPTIMIZATION_LEVEL = "-Onone";
				TARGETED_DEVICE_FAMILY = 2;
			};
			name = Debug;
		};
		035946EB1D0721D900F25C9F /* Release */ = {
			isa = XCBuildConfiguration;
			buildSettings = {
				ALWAYS_SEARCH_USER_PATHS = NO;
				CLANG_ANALYZER_NONNULL = YES;
				CLANG_CXX_LANGUAGE_STANDARD = "gnu++0x";
				CLANG_CXX_LIBRARY = "libc++";
				CLANG_ENABLE_MODULES = YES;
				CLANG_ENABLE_OBJC_ARC = YES;
				CLANG_WARN_BOOL_CONVERSION = YES;
				CLANG_WARN_CONSTANT_CONVERSION = YES;
				CLANG_WARN_DIRECT_OBJC_ISA_USAGE = YES_ERROR;
				CLANG_WARN_EMPTY_BODY = YES;
				CLANG_WARN_ENUM_CONVERSION = YES;
				CLANG_WARN_INT_CONVERSION = YES;
				CLANG_WARN_OBJC_ROOT_CLASS = YES_ERROR;
				CLANG_WARN_UNREACHABLE_CODE = YES;
				CLANG_WARN__DUPLICATE_METHOD_MATCH = YES;
				"CODE_SIGN_IDENTITY[sdk=iphoneos*]" = "iPhone Developer";
				COPY_PHASE_STRIP = NO;
				DEBUG_INFORMATION_FORMAT = "dwarf-with-dsym";
				ENABLE_NS_ASSERTIONS = NO;
				ENABLE_STRICT_OBJC_MSGSEND = YES;
				GCC_C_LANGUAGE_STANDARD = gnu99;
				GCC_NO_COMMON_BLOCKS = YES;
				GCC_WARN_64_TO_32_BIT_CONVERSION = YES;
				GCC_WARN_ABOUT_RETURN_TYPE = YES_ERROR;
				GCC_WARN_UNDECLARED_SELECTOR = YES;
				GCC_WARN_UNINITIALIZED_AUTOS = YES_AGGRESSIVE;
				GCC_WARN_UNUSED_FUNCTION = YES;
				GCC_WARN_UNUSED_VARIABLE = YES;
				IPHONEOS_DEPLOYMENT_TARGET = 9.3;
				MTL_ENABLE_DEBUG_INFO = NO;
				SDKROOT = iphoneos;
				TARGETED_DEVICE_FAMILY = 2;
				VALIDATE_PRODUCT = YES;
			};
			name = Release;
		};
		035946ED1D0721D900F25C9F /* Debug */ = {
			isa = XCBuildConfiguration;
			buildSettings = {
				ASSETCATALOG_COMPILER_APPICON_NAME = AppIcon;
				GCC_SYMBOLS_PRIVATE_EXTERN = NO;
				INFOPLIST_FILE = "Tutu-test/Info.plist";
				LD_RUNPATH_SEARCH_PATHS = "$(inherited) @executable_path/Frameworks";
				PRODUCT_BUNDLE_IDENTIFIER = "oshev.Tutu-test";
				PRODUCT_NAME = "$(TARGET_NAME)";
				TARGETED_DEVICE_FAMILY = 1;
			};
			name = Debug;
		};
		035946EE1D0721D900F25C9F /* Release */ = {
			isa = XCBuildConfiguration;
			buildSettings = {
				ASSETCATALOG_COMPILER_APPICON_NAME = AppIcon;
				GCC_SYMBOLS_PRIVATE_EXTERN = NO;
				INFOPLIST_FILE = "Tutu-test/Info.plist";
				LD_RUNPATH_SEARCH_PATHS = "$(inherited) @executable_path/Frameworks";
				PRODUCT_BUNDLE_IDENTIFIER = "oshev.Tutu-test";
				PRODUCT_NAME = "$(TARGET_NAME)";
				TARGETED_DEVICE_FAMILY = 1;
			};
			name = Release;
		};
		03EA644F1D0C41E500C550BB /* Debug */ = {
			isa = XCBuildConfiguration;
			buildSettings = {
				BUNDLE_LOADER = "$(TEST_HOST)";
				INFOPLIST_FILE = "Tutu-testTests/Info.plist";
				LD_RUNPATH_SEARCH_PATHS = "$(inherited) @executable_path/Frameworks @loader_path/Frameworks";
				PRODUCT_BUNDLE_IDENTIFIER = "oshev.Tutu-testTests";
				PRODUCT_NAME = "$(TARGET_NAME)";
				TEST_HOST = "$(BUILT_PRODUCTS_DIR)/Tutu-test.app/Tutu-test";
			};
			name = Debug;
		};
		03EA64501D0C41E500C550BB /* Release */ = {
			isa = XCBuildConfiguration;
			buildSettings = {
				BUNDLE_LOADER = "$(TEST_HOST)";
				INFOPLIST_FILE = "Tutu-testTests/Info.plist";
				LD_RUNPATH_SEARCH_PATHS = "$(inherited) @executable_path/Frameworks @loader_path/Frameworks";
				PRODUCT_BUNDLE_IDENTIFIER = "oshev.Tutu-testTests";
				PRODUCT_NAME = "$(TARGET_NAME)";
				TEST_HOST = "$(BUILT_PRODUCTS_DIR)/Tutu-test.app/Tutu-test";
			};
			name = Release;
		};
/* End XCBuildConfiguration section */

/* Begin XCConfigurationList section */
		035946D51D0721D900F25C9F /* Build configuration list for PBXProject "Tutu-test" */ = {
			isa = XCConfigurationList;
			buildConfigurations = (
				035946EA1D0721D900F25C9F /* Debug */,
				035946EB1D0721D900F25C9F /* Release */,
			);
			defaultConfigurationIsVisible = 0;
			defaultConfigurationName = Release;
		};
		035946EC1D0721D900F25C9F /* Build configuration list for PBXNativeTarget "Tutu-test" */ = {
			isa = XCConfigurationList;
			buildConfigurations = (
				035946ED1D0721D900F25C9F /* Debug */,
				035946EE1D0721D900F25C9F /* Release */,
			);
			defaultConfigurationIsVisible = 0;
			defaultConfigurationName = Release;
		};
		03EA644E1D0C41E500C550BB /* Build configuration list for PBXNativeTarget "Tutu-testTests" */ = {
			isa = XCConfigurationList;
			buildConfigurations = (
				03EA644F1D0C41E500C550BB /* Debug */,
				03EA64501D0C41E500C550BB /* Release */,
			);
			defaultConfigurationIsVisible = 0;
			defaultConfigurationName = Release;
		};
/* End XCConfigurationList section */
	};
	rootObject = 035946D21D0721D900F25C9F /* Project object */;
}
